// !$*UTF8*$!
{
	archiveVersion = 1;
	classes = {
	};
	objectVersion = 56;
	objects = {

/* Begin PBXBuildFile section */
		9C8F391E2B982DD400B7438E /* FaceFactsApp.swift in Sources */ = {isa = PBXBuildFile; fileRef = 9C8F391D2B982DD400B7438E /* FaceFactsApp.swift */; };
		9C8F39202B982DD400B7438E /* ContentView.swift in Sources */ = {isa = PBXBuildFile; fileRef = 9C8F391F2B982DD400B7438E /* ContentView.swift */; };
		9C8F39222B982DD700B7438E /* Assets.xcassets in Resources */ = {isa = PBXBuildFile; fileRef = 9C8F39212B982DD700B7438E /* Assets.xcassets */; };
		9C8F39252B982DD700B7438E /* Preview Assets.xcassets in Resources */ = {isa = PBXBuildFile; fileRef = 9C8F39242B982DD700B7438E /* Preview Assets.xcassets */; };
		9C8F392F2B982DD700B7438E /* FaceFactsTests.swift in Sources */ = {isa = PBXBuildFile; fileRef = 9C8F392E2B982DD700B7438E /* FaceFactsTests.swift */; };
		9C8F39392B982DD700B7438E /* FaceFactsUITests.swift in Sources */ = {isa = PBXBuildFile; fileRef = 9C8F39382B982DD700B7438E /* FaceFactsUITests.swift */; };
		9C8F393B2B982DD700B7438E /* FaceFactsUITestsLaunchTests.swift in Sources */ = {isa = PBXBuildFile; fileRef = 9C8F393A2B982DD700B7438E /* FaceFactsUITestsLaunchTests.swift */; };
/* End PBXBuildFile section */

/* Begin PBXContainerItemProxy section */
		9C8F392B2B982DD700B7438E /* PBXContainerItemProxy */ = {
			isa = PBXContainerItemProxy;
			containerPortal = 9C8F39122B982DD400B7438E /* Project object */;
			proxyType = 1;
			remoteGlobalIDString = 9C8F39192B982DD400B7438E;
			remoteInfo = FaceFacts;
		};
		9C8F39352B982DD700B7438E /* PBXContainerItemProxy */ = {
			isa = PBXContainerItemProxy;
			containerPortal = 9C8F39122B982DD400B7438E /* Project object */;
			proxyType = 1;
			remoteGlobalIDString = 9C8F39192B982DD400B7438E;
			remoteInfo = FaceFacts;
		};
/* End PBXContainerItemProxy section */

/* Begin PBXFileReference section */
		9C8F391A2B982DD400B7438E /* FaceFacts.app */ = {isa = PBXFileReference; explicitFileType = wrapper.application; includeInIndex = 0; path = FaceFacts.app; sourceTree = BUILT_PRODUCTS_DIR; };
		9C8F391D2B982DD400B7438E /* FaceFactsApp.swift */ = {isa = PBXFileReference; lastKnownFileType = sourcecode.swift; path = FaceFactsApp.swift; sourceTree = "<group>"; };
		9C8F391F2B982DD400B7438E /* ContentView.swift */ = {isa = PBXFileReference; lastKnownFileType = sourcecode.swift; path = ContentView.swift; sourceTree = "<group>"; };
		9C8F39212B982DD700B7438E /* Assets.xcassets */ = {isa = PBXFileReference; lastKnownFileType = folder.assetcatalog; path = Assets.xcassets; sourceTree = "<group>"; };
		9C8F39242B982DD700B7438E /* Preview Assets.xcassets */ = {isa = PBXFileReference; lastKnownFileType = folder.assetcatalog; path = "Preview Assets.xcassets"; sourceTree = "<group>"; };
		9C8F392A2B982DD700B7438E /* FaceFactsTests.xctest */ = {isa = PBXFileReference; explicitFileType = wrapper.cfbundle; includeInIndex = 0; path = FaceFactsTests.xctest; sourceTree = BUILT_PRODUCTS_DIR; };
		9C8F392E2B982DD700B7438E /* FaceFactsTests.swift */ = {isa = PBXFileReference; lastKnownFileType = sourcecode.swift; path = FaceFactsTests.swift; sourceTree = "<group>"; };
		9C8F39342B982DD700B7438E /* FaceFactsUITests.xctest */ = {isa = PBXFileReference; explicitFileType = wrapper.cfbundle; includeInIndex = 0; path = FaceFactsUITests.xctest; sourceTree = BUILT_PRODUCTS_DIR; };
		9C8F39382B982DD700B7438E /* FaceFactsUITests.swift */ = {isa = PBXFileReference; lastKnownFileType = sourcecode.swift; path = FaceFactsUITests.swift; sourceTree = "<group>"; };
		9C8F393A2B982DD700B7438E /* FaceFactsUITestsLaunchTests.swift */ = {isa = PBXFileReference; lastKnownFileType = sourcecode.swift; path = FaceFactsUITestsLaunchTests.swift; sourceTree = "<group>"; };
/* End PBXFileReference section */

/* Begin PBXFrameworksBuildPhase section */
		9C8F39172B982DD400B7438E /* Frameworks */ = {
			isa = PBXFrameworksBuildPhase;
			buildActionMask = 2147483647;
			files = (
			);
			runOnlyForDeploymentPostprocessing = 0;
		};
		9C8F39272B982DD700B7438E /* Frameworks */ = {
			isa = PBXFrameworksBuildPhase;
			buildActionMask = 2147483647;
			files = (
			);
			runOnlyForDeploymentPostprocessing = 0;
		};
		9C8F39312B982DD700B7438E /* Frameworks */ = {
			isa = PBXFrameworksBuildPhase;
			buildActionMask = 2147483647;
			files = (
			);
			runOnlyForDeploymentPostprocessing = 0;
		};
/* End PBXFrameworksBuildPhase section */

/* Begin PBXGroup section */
		9C8F39112B982DD400B7438E = {
			isa = PBXGroup;
			children = (
				9C8F391C2B982DD400B7438E /* FaceFacts */,
				9C8F392D2B982DD700B7438E /* FaceFactsTests */,
				9C8F39372B982DD700B7438E /* FaceFactsUITests */,
				9C8F391B2B982DD400B7438E /* Products */,
			);
			sourceTree = "<group>";
		};
		9C8F391B2B982DD400B7438E /* Products */ = {
			isa = PBXGroup;
			children = (
				9C8F391A2B982DD400B7438E /* FaceFacts.app */,
				9C8F392A2B982DD700B7438E /* FaceFactsTests.xctest */,
				9C8F39342B982DD700B7438E /* FaceFactsUITests.xctest */,
			);
			name = Products;
			sourceTree = "<group>";
		};
		9C8F391C2B982DD400B7438E /* FaceFacts */ = {
			isa = PBXGroup;
			children = (
				9C8F391D2B982DD400B7438E /* FaceFactsApp.swift */,
				9C8F391F2B982DD400B7438E /* ContentView.swift */,
				9C8F39212B982DD700B7438E /* Assets.xcassets */,
				9C8F39232B982DD700B7438E /* Preview Content */,
			);
			path = FaceFacts;
			sourceTree = "<group>";
		};
		9C8F39232B982DD700B7438E /* Preview Content */ = {
			isa = PBXGroup;
			children = (
				9C8F39242B982DD700B7438E /* Preview Assets.xcassets */,
			);
			path = "Preview Content";
			sourceTree = "<group>";
		};
		9C8F392D2B982DD700B7438E /* FaceFactsTests */ = {
			isa = PBXGroup;
			children = (
				9C8F392E2B982DD700B7438E /* FaceFactsTests.swift */,
			);
			path = FaceFactsTests;
			sourceTree = "<group>";
		};
		9C8F39372B982DD700B7438E /* FaceFactsUITests */ = {
			isa = PBXGroup;
			children = (
				9C8F39382B982DD700B7438E /* FaceFactsUITests.swift */,
				9C8F393A2B982DD700B7438E /* FaceFactsUITestsLaunchTests.swift */,
			);
			path = FaceFactsUITests;
			sourceTree = "<group>";
		};
/* End PBXGroup section */

/* Begin PBXNativeTarget section */
		9C8F39192B982DD400B7438E /* FaceFacts */ = {
			isa = PBXNativeTarget;
			buildConfigurationList = 9C8F393E2B982DD700B7438E /* Build configuration list for PBXNativeTarget "FaceFacts" */;
			buildPhases = (
				9C8F39162B982DD400B7438E /* Sources */,
				9C8F39172B982DD400B7438E /* Frameworks */,
				9C8F39182B982DD400B7438E /* Resources */,
			);
			buildRules = (
			);
			dependencies = (
			);
			name = FaceFacts;
			productName = FaceFacts;
			productReference = 9C8F391A2B982DD400B7438E /* FaceFacts.app */;
			productType = "com.apple.product-type.application";
		};
		9C8F39292B982DD700B7438E /* FaceFactsTests */ = {
			isa = PBXNativeTarget;
			buildConfigurationList = 9C8F39412B982DD700B7438E /* Build configuration list for PBXNativeTarget "FaceFactsTests" */;
			buildPhases = (
				9C8F39262B982DD700B7438E /* Sources */,
				9C8F39272B982DD700B7438E /* Frameworks */,
				9C8F39282B982DD700B7438E /* Resources */,
			);
			buildRules = (
			);
			dependencies = (
				9C8F392C2B982DD700B7438E /* PBXTargetDependency */,
			);
			name = FaceFactsTests;
			productName = FaceFactsTests;
			productReference = 9C8F392A2B982DD700B7438E /* FaceFactsTests.xctest */;
			productType = "com.apple.product-type.bundle.unit-test";
		};
		9C8F39332B982DD700B7438E /* FaceFactsUITests */ = {
			isa = PBXNativeTarget;
			buildConfigurationList = 9C8F39442B982DD700B7438E /* Build configuration list for PBXNativeTarget "FaceFactsUITests" */;
			buildPhases = (
				9C8F39302B982DD700B7438E /* Sources */,
				9C8F39312B982DD700B7438E /* Frameworks */,
				9C8F39322B982DD700B7438E /* Resources */,
			);
			buildRules = (
			);
			dependencies = (
				9C8F39362B982DD700B7438E /* PBXTargetDependency */,
			);
			name = FaceFactsUITests;
			productName = FaceFactsUITests;
			productReference = 9C8F39342B982DD700B7438E /* FaceFactsUITests.xctest */;
			productType = "com.apple.product-type.bundle.ui-testing";
		};
/* End PBXNativeTarget section */

/* Begin PBXProject section */
		9C8F39122B982DD400B7438E /* Project object */ = {
			isa = PBXProject;
			attributes = {
				BuildIndependentTargetsInParallel = 1;
				LastSwiftUpdateCheck = 1520;
				LastUpgradeCheck = 1520;
				TargetAttributes = {
					9C8F39192B982DD400B7438E = {
						CreatedOnToolsVersion = 15.2;
					};
					9C8F39292B982DD700B7438E = {
						CreatedOnToolsVersion = 15.2;
						TestTargetID = 9C8F39192B982DD400B7438E;
					};
					9C8F39332B982DD700B7438E = {
						CreatedOnToolsVersion = 15.2;
						TestTargetID = 9C8F39192B982DD400B7438E;
					};
				};
			};
			buildConfigurationList = 9C8F39152B982DD400B7438E /* Build configuration list for PBXProject "FaceFacts" */;
			compatibilityVersion = "Xcode 14.0";
			developmentRegion = en;
			hasScannedForEncodings = 0;
			knownRegions = (
				en,
				Base,
			);
			mainGroup = 9C8F39112B982DD400B7438E;
			productRefGroup = 9C8F391B2B982DD400B7438E /* Products */;
			projectDirPath = "";
			projectRoot = "";
			targets = (
				9C8F39192B982DD400B7438E /* FaceFacts */,
				9C8F39292B982DD700B7438E /* FaceFactsTests */,
				9C8F39332B982DD700B7438E /* FaceFactsUITests */,
			);
		};
/* End PBXProject section */

/* Begin PBXResourcesBuildPhase section */
		9C8F39182B982DD400B7438E /* Resources */ = {
			isa = PBXResourcesBuildPhase;
			buildActionMask = 2147483647;
			files = (
				9C8F39252B982DD700B7438E /* Preview Assets.xcassets in Resources */,
				9C8F39222B982DD700B7438E /* Assets.xcassets in Resources */,
			);
			runOnlyForDeploymentPostprocessing = 0;
		};
		9C8F39282B982DD700B7438E /* Resources */ = {
			isa = PBXResourcesBuildPhase;
			buildActionMask = 2147483647;
			files = (
			);
			runOnlyForDeploymentPostprocessing = 0;
		};
		9C8F39322B982DD700B7438E /* Resources */ = {
			isa = PBXResourcesBuildPhase;
			buildActionMask = 2147483647;
			files = (
			);
			runOnlyForDeploymentPostprocessing = 0;
		};
/* End PBXResourcesBuildPhase section */

/* Begin PBXSourcesBuildPhase section */
		9C8F39162B982DD400B7438E /* Sources */ = {
			isa = PBXSourcesBuildPhase;
			buildActionMask = 2147483647;
			files = (
				9C8F39202B982DD400B7438E /* ContentView.swift in Sources */,
				9C8F391E2B982DD400B7438E /* FaceFactsApp.swift in Sources */,
			);
			runOnlyForDeploymentPostprocessing = 0;
		};
		9C8F39262B982DD700B7438E /* Sources */ = {
			isa = PBXSourcesBuildPhase;
			buildActionMask = 2147483647;
			files = (
				9C8F392F2B982DD700B7438E /* FaceFactsTests.swift in Sources */,
			);
			runOnlyForDeploymentPostprocessing = 0;
		};
		9C8F39302B982DD700B7438E /* Sources */ = {
			isa = PBXSourcesBuildPhase;
			buildActionMask = 2147483647;
			files = (
				9C8F39392B982DD700B7438E /* FaceFactsUITests.swift in Sources */,
				9C8F393B2B982DD700B7438E /* FaceFactsUITestsLaunchTests.swift in Sources */,
			);
			runOnlyForDeploymentPostprocessing = 0;
		};
/* End PBXSourcesBuildPhase section */

/* Begin PBXTargetDependency section */
		9C8F392C2B982DD700B7438E /* PBXTargetDependency */ = {
			isa = PBXTargetDependency;
			target = 9C8F39192B982DD400B7438E /* FaceFacts */;
			targetProxy = 9C8F392B2B982DD700B7438E /* PBXContainerItemProxy */;
		};
		9C8F39362B982DD700B7438E /* PBXTargetDependency */ = {
			isa = PBXTargetDependency;
			target = 9C8F39192B982DD400B7438E /* FaceFacts */;
			targetProxy = 9C8F39352B982DD700B7438E /* PBXContainerItemProxy */;
		};
/* End PBXTargetDependency section */

/* Begin XCBuildConfiguration section */
		9C8F393C2B982DD700B7438E /* Debug */ = {
			isa = XCBuildConfiguration;
			buildSettings = {
				ALWAYS_SEARCH_USER_PATHS = NO;
				ASSETCATALOG_COMPILER_GENERATE_SWIFT_ASSET_SYMBOL_EXTENSIONS = YES;
				CLANG_ANALYZER_NONNULL = YES;
				CLANG_ANALYZER_NUMBER_OBJECT_CONVERSION = YES_AGGRESSIVE;
				CLANG_CXX_LANGUAGE_STANDARD = "gnu++20";
				CLANG_ENABLE_MODULES = YES;
				CLANG_ENABLE_OBJC_ARC = YES;
				CLANG_ENABLE_OBJC_WEAK = YES;
				CLANG_WARN_BLOCK_CAPTURE_AUTORELEASING = YES;
				CLANG_WARN_BOOL_CONVERSION = YES;
				CLANG_WARN_COMMA = YES;
				CLANG_WARN_CONSTANT_CONVERSION = YES;
				CLANG_WARN_DEPRECATED_OBJC_IMPLEMENTATIONS = YES;
				CLANG_WARN_DIRECT_OBJC_ISA_USAGE = YES_ERROR;
				CLANG_WARN_DOCUMENTATION_COMMENTS = YES;
				CLANG_WARN_EMPTY_BODY = YES;
				CLANG_WARN_ENUM_CONVERSION = YES;
				CLANG_WARN_INFINITE_RECURSION = YES;
				CLANG_WARN_INT_CONVERSION = YES;
				CLANG_WARN_NON_LITERAL_NULL_CONVERSION = YES;
				CLANG_WARN_OBJC_IMPLICIT_RETAIN_SELF = YES;
				CLANG_WARN_OBJC_LITERAL_CONVERSION = YES;
				CLANG_WARN_OBJC_ROOT_CLASS = YES_ERROR;
				CLANG_WARN_QUOTED_INCLUDE_IN_FRAMEWORK_HEADER = YES;
				CLANG_WARN_RANGE_LOOP_ANALYSIS = YES;
				CLANG_WARN_STRICT_PROTOTYPES = YES;
				CLANG_WARN_SUSPICIOUS_MOVE = YES;
				CLANG_WARN_UNGUARDED_AVAILABILITY = YES_AGGRESSIVE;
				CLANG_WARN_UNREACHABLE_CODE = YES;
				CLANG_WARN__DUPLICATE_METHOD_MATCH = YES;
				COPY_PHASE_STRIP = NO;
				DEBUG_INFORMATION_FORMAT = dwarf;
				ENABLE_STRICT_OBJC_MSGSEND = YES;
				ENABLE_TESTABILITY = YES;
				ENABLE_USER_SCRIPT_SANDBOXING = YES;
				GCC_C_LANGUAGE_STANDARD = gnu17;
				GCC_DYNAMIC_NO_PIC = NO;
				GCC_NO_COMMON_BLOCKS = YES;
				GCC_OPTIMIZATION_LEVEL = 0;
				GCC_PREPROCESSOR_DEFINITIONS = (
					"DEBUG=1",
					"$(inherited)",
				);
				GCC_WARN_64_TO_32_BIT_CONVERSION = YES;
				GCC_WARN_ABOUT_RETURN_TYPE = YES_ERROR;
				GCC_WARN_UNDECLARED_SELECTOR = YES;
				GCC_WARN_UNINITIALIZED_AUTOS = YES_AGGRESSIVE;
				GCC_WARN_UNUSED_FUNCTION = YES;
				GCC_WARN_UNUSED_VARIABLE = YES;
				IPHONEOS_DEPLOYMENT_TARGET = 17.2;
				LOCALIZATION_PREFERS_STRING_CATALOGS = YES;
				MTL_ENABLE_DEBUG_INFO = INCLUDE_SOURCE;
				MTL_FAST_MATH = YES;
				ONLY_ACTIVE_ARCH = YES;
				SDKROOT = iphoneos;
				SWIFT_ACTIVE_COMPILATION_CONDITIONS = "DEBUG $(inherited)";
				SWIFT_OPTIMIZATION_LEVEL = "-Onone";
			};
			name = Debug;
		};
		9C8F393D2B982DD700B7438E /* Release */ = {
			isa = XCBuildConfiguration;
			buildSettings = {
				ALWAYS_SEARCH_USER_PATHS = NO;
				ASSETCATALOG_COMPILER_GENERATE_SWIFT_ASSET_SYMBOL_EXTENSIONS = YES;
				CLANG_ANALYZER_NONNULL = YES;
				CLANG_ANALYZER_NUMBER_OBJECT_CONVERSION = YES_AGGRESSIVE;
				CLANG_CXX_LANGUAGE_STANDARD = "gnu++20";
				CLANG_ENABLE_MODULES = YES;
				CLANG_ENABLE_OBJC_ARC = YES;
				CLANG_ENABLE_OBJC_WEAK = YES;
				CLANG_WARN_BLOCK_CAPTURE_AUTORELEASING = YES;
				CLANG_WARN_BOOL_CONVERSION = YES;
				CLANG_WARN_COMMA = YES;
				CLANG_WARN_CONSTANT_CONVERSION = YES;
				CLANG_WARN_DEPRECATED_OBJC_IMPLEMENTATIONS = YES;
				CLANG_WARN_DIRECT_OBJC_ISA_USAGE = YES_ERROR;
				CLANG_WARN_DOCUMENTATION_COMMENTS = YES;
				CLANG_WARN_EMPTY_BODY = YES;
				CLANG_WARN_ENUM_CONVERSION = YES;
				CLANG_WARN_INFINITE_RECURSION = YES;
				CLANG_WARN_INT_CONVERSION = YES;
				CLANG_WARN_NON_LITERAL_NULL_CONVERSION = YES;
				CLANG_WARN_OBJC_IMPLICIT_RETAIN_SELF = YES;
				CLANG_WARN_OBJC_LITERAL_CONVERSION = YES;
				CLANG_WARN_OBJC_ROOT_CLASS = YES_ERROR;
				CLANG_WARN_QUOTED_INCLUDE_IN_FRAMEWORK_HEADER = YES;
				CLANG_WARN_RANGE_LOOP_ANALYSIS = YES;
				CLANG_WARN_STRICT_PROTOTYPES = YES;
				CLANG_WARN_SUSPICIOUS_MOVE = YES;
				CLANG_WARN_UNGUARDED_AVAILABILITY = YES_AGGRESSIVE;
				CLANG_WARN_UNREACHABLE_CODE = YES;
				CLANG_WARN__DUPLICATE_METHOD_MATCH = YES;
				COPY_PHASE_STRIP = NO;
				DEBUG_INFORMATION_FORMAT = "dwarf-with-dsym";
				ENABLE_NS_ASSERTIONS = NO;
				ENABLE_STRICT_OBJC_MSGSEND = YES;
				ENABLE_USER_SCRIPT_SANDBOXING = YES;
				GCC_C_LANGUAGE_STANDARD = gnu17;
				GCC_NO_COMMON_BLOCKS = YES;
				GCC_WARN_64_TO_32_BIT_CONVERSION = YES;
				GCC_WARN_ABOUT_RETURN_TYPE = YES_ERROR;
				GCC_WARN_UNDECLARED_SELECTOR = YES;
				GCC_WARN_UNINITIALIZED_AUTOS = YES_AGGRESSIVE;
				GCC_WARN_UNUSED_FUNCTION = YES;
				GCC_WARN_UNUSED_VARIABLE = YES;
				IPHONEOS_DEPLOYMENT_TARGET = 17.2;
				LOCALIZATION_PREFERS_STRING_CATALOGS = YES;
				MTL_ENABLE_DEBUG_INFO = NO;
				MTL_FAST_MATH = YES;
				SDKROOT = iphoneos;
				SWIFT_COMPILATION_MODE = wholemodule;
				VALIDATE_PRODUCT = YES;
			};
			name = Release;
		};
		9C8F393F2B982DD700B7438E /* Debug */ = {
			isa = XCBuildConfiguration;
			buildSettings = {
				ASSETCATALOG_COMPILER_APPICON_NAME = AppIcon;
				ASSETCATALOG_COMPILER_GLOBAL_ACCENT_COLOR_NAME = AccentColor;
				CODE_SIGN_STYLE = Automatic;
				CURRENT_PROJECT_VERSION = 1;
				DEVELOPMENT_ASSET_PATHS = "\"FaceFacts/Preview Content\"";
				DEVELOPMENT_TEAM = 3W7UGRJV2F;
				ENABLE_PREVIEWS = YES;
				GENERATE_INFOPLIST_FILE = YES;
				INFOPLIST_KEY_UIApplicationSceneManifest_Generation = YES;
				INFOPLIST_KEY_UIApplicationSupportsIndirectInputEvents = YES;
				INFOPLIST_KEY_UILaunchScreen_Generation = YES;
				INFOPLIST_KEY_UISupportedInterfaceOrientations_iPad = "UIInterfaceOrientationPortrait UIInterfaceOrientationPortraitUpsideDown UIInterfaceOrientationLandscapeLeft UIInterfaceOrientationLandscapeRight";
				INFOPLIST_KEY_UISupportedInterfaceOrientations_iPhone = "UIInterfaceOrientationPortrait UIInterfaceOrientationLandscapeLeft UIInterfaceOrientationLandscapeRight";
				LD_RUNPATH_SEARCH_PATHS = (
					"$(inherited)",
					"@executable_path/Frameworks",
				);
				MARKETING_VERSION = 1.0;
				PRODUCT_BUNDLE_IDENTIFIER = ssss.FaceFacts;
				PRODUCT_NAME = "$(TARGET_NAME)";
				SWIFT_EMIT_LOC_STRINGS = YES;
				SWIFT_VERSION = 5.0;
				TARGETED_DEVICE_FAMILY = "1,2";
			};
			name = Debug;
		};
		9C8F39402B982DD700B7438E /* Release */ = {
			isa = XCBuildConfiguration;
			buildSettings = {
				ASSETCATALOG_COMPILER_APPICON_NAME = AppIcon;
				ASSETCATALOG_COMPILER_GLOBAL_ACCENT_COLOR_NAME = AccentColor;
				CODE_SIGN_STYLE = Automatic;
				CURRENT_PROJECT_VERSION = 1;
				DEVELOPMENT_ASSET_PATHS = "\"FaceFacts/Preview Content\"";
				DEVELOPMENT_TEAM = 3W7UGRJV2F;
				ENABLE_PREVIEWS = YES;
				GENERATE_INFOPLIST_FILE = YES;
				INFOPLIST_KEY_UIApplicationSceneManifest_Generation = YES;
				INFOPLIST_KEY_UIApplicationSupportsIndirectInputEvents = YES;
				INFOPLIST_KEY_UILaunchScreen_Generation = YES;
				INFOPLIST_KEY_UISupportedInterfaceOrientations_iPad = "UIInterfaceOrientationPortrait UIInterfaceOrientationPortraitUpsideDown UIInterfaceOrientationLandscapeLeft UIInterfaceOrientationLandscapeRight";
				INFOPLIST_KEY_UISupportedInterfaceOrientations_iPhone = "UIInterfaceOrientationPortrait UIInterfaceOrientationLandscapeLeft UIInterfaceOrientationLandscapeRight";
				LD_RUNPATH_SEARCH_PATHS = (
					"$(inherited)",
					"@executable_path/Frameworks",
				);
				MARKETING_VERSION = 1.0;
				PRODUCT_BUNDLE_IDENTIFIER = ssss.FaceFacts;
				PRODUCT_NAME = "$(TARGET_NAME)";
				SWIFT_EMIT_LOC_STRINGS = YES;
				SWIFT_VERSION = 5.0;
				TARGETED_DEVICE_FAMILY = "1,2";
			};
			name = Release;
		};
		9C8F39422B982DD700B7438E /* Debug */ = {
			isa = XCBuildConfiguration;
			buildSettings = {
				ALWAYS_EMBED_SWIFT_STANDARD_LIBRARIES = YES;
				BUNDLE_LOADER = "$(TEST_HOST)";
				CODE_SIGN_STYLE = Automatic;
				CURRENT_PROJECT_VERSION = 1;
				DEVELOPMENT_TEAM = 3W7UGRJV2F;
				GENERATE_INFOPLIST_FILE = YES;
				IPHONEOS_DEPLOYMENT_TARGET = 17.2;
				MARKETING_VERSION = 1.0;
				PRODUCT_BUNDLE_IDENTIFIER = ssss.FaceFactsTests;
				PRODUCT_NAME = "$(TARGET_NAME)";
				SWIFT_EMIT_LOC_STRINGS = NO;
				SWIFT_VERSION = 5.0;
				TARGETED_DEVICE_FAMILY = "1,2";
				TEST_HOST = "$(BUILT_PRODUCTS_DIR)/FaceFacts.app/$(BUNDLE_EXECUTABLE_FOLDER_PATH)/FaceFacts";
			};
			name = Debug;
		};
		9C8F39432B982DD700B7438E /* Release */ = {
			isa = XCBuildConfiguration;
			buildSettings = {
				ALWAYS_EMBED_SWIFT_STANDARD_LIBRARIES = YES;
				BUNDLE_LOADER = "$(TEST_HOST)";
				CODE_SIGN_STYLE = Automatic;
				CURRENT_PROJECT_VERSION = 1;
				DEVELOPMENT_TEAM = 3W7UGRJV2F;
				GENERATE_INFOPLIST_FILE = YES;
				IPHONEOS_DEPLOYMENT_TARGET = 17.2;
				MARKETING_VERSION = 1.0;
				PRODUCT_BUNDLE_IDENTIFIER = ssss.FaceFactsTests;
				PRODUCT_NAME = "$(TARGET_NAME)";
				SWIFT_EMIT_LOC_STRINGS = NO;
				SWIFT_VERSION = 5.0;
				TARGETED_DEVICE_FAMILY = "1,2";
				TEST_HOST = "$(BUILT_PRODUCTS_DIR)/FaceFacts.app/$(BUNDLE_EXECUTABLE_FOLDER_PATH)/FaceFacts";
			};
			name = Release;
		};
		9C8F39452B982DD700B7438E /* Debug */ = {
			isa = XCBuildConfiguration;
			buildSettings = {
				ALWAYS_EMBED_SWIFT_STANDARD_LIBRARIES = YES;
				CODE_SIGN_STYLE = Automatic;
				CURRENT_PROJECT_VERSION = 1;
				DEVELOPMENT_TEAM = 3W7UGRJV2F;
				GENERATE_INFOPLIST_FILE = YES;
				MARKETING_VERSION = 1.0;
				PRODUCT_BUNDLE_IDENTIFIER = ssss.FaceFactsUITests;
				PRODUCT_NAME = "$(TARGET_NAME)";
				SWIFT_EMIT_LOC_STRINGS = NO;
				SWIFT_VERSION = 5.0;
				TARGETED_DEVICE_FAMILY = "1,2";
				TEST_TARGET_NAME = FaceFacts;
			};
			name = Debug;
		};
		9C8F39462B982DD700B7438E /* Release */ = {
			isa = XCBuildConfiguration;
			buildSettings = {
				ALWAYS_EMBED_SWIFT_STANDARD_LIBRARIES = YES;
				CODE_SIGN_STYLE = Automatic;
				CURRENT_PROJECT_VERSION = 1;
				DEVELOPMENT_TEAM = 3W7UGRJV2F;
				GENERATE_INFOPLIST_FILE = YES;
				MARKETING_VERSION = 1.0;
				PRODUCT_BUNDLE_IDENTIFIER = ssss.FaceFactsUITests;
				PRODUCT_NAME = "$(TARGET_NAME)";
				SWIFT_EMIT_LOC_STRINGS = NO;
				SWIFT_VERSION = 5.0;
				TARGETED_DEVICE_FAMILY = "1,2";
				TEST_TARGET_NAME = FaceFacts;
			};
			name = Release;
		};
/* End XCBuildConfiguration section */

/* Begin XCConfigurationList section */
		9C8F39152B982DD400B7438E /* Build configuration list for PBXProject "FaceFacts" */ = {
			isa = XCConfigurationList;
			buildConfigurations = (
				9C8F393C2B982DD700B7438E /* Debug */,
				9C8F393D2B982DD700B7438E /* Release */,
			);
			defaultConfigurationIsVisible = 0;
			defaultConfigurationName = Release;
		};
		9C8F393E2B982DD700B7438E /* Build configuration list for PBXNativeTarget "FaceFacts" */ = {
			isa = XCConfigurationList;
			buildConfigurations = (
				9C8F393F2B982DD700B7438E /* Debug */,
				9C8F39402B982DD700B7438E /* Release */,
			);
			defaultConfigurationIsVisible = 0;
			defaultConfigurationName = Release;
		};
		9C8F39412B982DD700B7438E /* Build configuration list for PBXNativeTarget "FaceFactsTests" */ = {
			isa = XCConfigurationList;
			buildConfigurations = (
				9C8F39422B982DD700B7438E /* Debug */,
				9C8F39432B982DD700B7438E /* Release */,
			);
			defaultConfigurationIsVisible = 0;
			defaultConfigurationName = Release;
		};
		9C8F39442B982DD700B7438E /* Build configuration list for PBXNativeTarget "FaceFactsUITests" */ = {
			isa = XCConfigurationList;
			buildConfigurations = (
				9C8F39452B982DD700B7438E /* Debug */,
				9C8F39462B982DD700B7438E /* Release */,
			);
			defaultConfigurationIsVisible = 0;
			defaultConfigurationName = Release;
		};
/* End XCConfigurationList section */
	};
	rootObject = 9C8F39122B982DD400B7438E /* Project object */;
}
